
Microsoft Visual Studio Solution File, Format Version 12.00
# Visual Studio 15
VisualStudioVersion = 15.0.26430.6
MinimumVisualStudioVersion = 10.0.40219.1
Project("{FAE04EC0-301F-11D3-BF4B-00C04F79EFBC}") = "SIM", "SIM\SIM.csproj", "{641A5897-DCA2-49DF-9497-6D7F3A255B80}"
EndProject
Project("{FAE04EC0-301F-11D3-BF4B-00C04F79EFBC}") = "SIM.App", "SIM.App\SIM.App.csproj", "{9AA1C20B-02BA-4AD9-82EE-EC383B7D4E9A}"
EndProject
Project("{FAE04EC0-301F-11D3-BF4B-00C04F79EFBC}") = "SIM.App.UnitTests", "SIM.App.UnitTests\SIM.App.UnitTests.csproj", "{5B7E2142-58E1-499C-96C3-F787101AC86F}"
EndProject
Project("{2150E333-8FDC-42A3-9474-1A3956D46DE8}") = "Apps", "Apps", "{0F692619-498C-4BA4-BBFD-89BBC6708918}"
EndProject
Project("{FAE04EC0-301F-11D3-BF4B-00C04F79EFBC}") = "SIM.Foundation.SqlAdapter", "SIM.Foundation.SqlAdapter\SIM.Foundation.SqlAdapter.csproj", "{3748B30C-ABF5-4DEE-9F22-74E4F69FFF78}"
EndProject
Project("{FAE04EC0-301F-11D3-BF4B-00C04F79EFBC}") = "SIM.Foundation.SqlAdapter.IntegrationTests", "SIM.Foundation.SqlAdapter.IntegrationTests\SIM.Foundation.SqlAdapter.IntegrationTests.csproj", "{293D8E00-5C24-4E62-9BF7-4E0FB224D1BA}"
EndProject
Project("{FAE04EC0-301F-11D3-BF4B-00C04F79EFBC}") = "SIM.Base", "SIM.Base\SIM.Base.csproj", "{61F8D07D-9908-4A54-B462-A986AC902B54}"
EndProject
Project("{2150E333-8FDC-42A3-9474-1A3956D46DE8}") = ".metadata", ".metadata", "{A84A4AEB-BB96-448D-AA82-7D45A065A8BE}"
	ProjectSection(SolutionItems) = preProject
		..\.appveyor.yml = ..\.appveyor.yml
		..\.gitignore = ..\.gitignore
		..\README.md = ..\README.md
	EndProjectSection
EndProject
Project("{FAE04EC0-301F-11D3-BF4B-00C04F79EFBC}") = "SIM.Foundation.WebAdapter", "SIM.Foundation.WebAdapter\SIM.Foundation.WebAdapter.csproj", "{D06B5BE8-B3FF-46AC-8AF9-BC8D55BDFEFE}"
EndProject
Project("{FAE04EC0-301F-11D3-BF4B-00C04F79EFBC}") = "SIM.Foundation.WebAdapter.IntegrationTests", "SIM.Foundation.WebAdapter.IntegrationTests\SIM.Foundation.WebAdapter.IntegrationTests.csproj", "{3F7D6CED-70FD-4F51-BD85-5072E9EA6CF4}"
EndProject
Project("{FAE04EC0-301F-11D3-BF4B-00C04F79EFBC}") = "SIM.Base.UnitTests", "SIM.Base.UnitTests\SIM.Base.UnitTests.csproj", "{883085B5-6E2B-4733-98F9-00C3DD8E4CE1}"
EndProject
Global
	GlobalSection(SolutionConfigurationPlatforms) = preSolution
		Debug|Any CPU = Debug|Any CPU
		Debug|Mixed Platforms = Debug|Mixed Platforms
		Debug|x86 = Debug|x86
		Release|Any CPU = Release|Any CPU
		Release|Mixed Platforms = Release|Mixed Platforms
		Release|x86 = Release|x86
	EndGlobalSection
	GlobalSection(ProjectConfigurationPlatforms) = postSolution
		{641A5897-DCA2-49DF-9497-6D7F3A255B80}.Debug|Any CPU.ActiveCfg = Debug|Any CPU
		{641A5897-DCA2-49DF-9497-6D7F3A255B80}.Debug|Any CPU.Build.0 = Debug|Any CPU
		{641A5897-DCA2-49DF-9497-6D7F3A255B80}.Debug|Mixed Platforms.ActiveCfg = Debug|Any CPU
		{641A5897-DCA2-49DF-9497-6D7F3A255B80}.Debug|Mixed Platforms.Build.0 = Debug|Any CPU
		{641A5897-DCA2-49DF-9497-6D7F3A255B80}.Debug|x86.ActiveCfg = Debug|Any CPU
		{641A5897-DCA2-49DF-9497-6D7F3A255B80}.Debug|x86.Build.0 = Debug|Any CPU
		{641A5897-DCA2-49DF-9497-6D7F3A255B80}.Release|Any CPU.ActiveCfg = Release|Any CPU
		{641A5897-DCA2-49DF-9497-6D7F3A255B80}.Release|Any CPU.Build.0 = Release|Any CPU
		{641A5897-DCA2-49DF-9497-6D7F3A255B80}.Release|Mixed Platforms.ActiveCfg = Release|Any CPU
		{641A5897-DCA2-49DF-9497-6D7F3A255B80}.Release|Mixed Platforms.Build.0 = Release|Any CPU
		{641A5897-DCA2-49DF-9497-6D7F3A255B80}.Release|x86.ActiveCfg = Release|Any CPU
		{641A5897-DCA2-49DF-9497-6D7F3A255B80}.Release|x86.Build.0 = Release|Any CPU
		{9AA1C20B-02BA-4AD9-82EE-EC383B7D4E9A}.Debug|Any CPU.ActiveCfg = Debug|Any CPU
		{9AA1C20B-02BA-4AD9-82EE-EC383B7D4E9A}.Debug|Any CPU.Build.0 = Debug|Any CPU
		{9AA1C20B-02BA-4AD9-82EE-EC383B7D4E9A}.Debug|Mixed Platforms.ActiveCfg = Debug|Any CPU
		{9AA1C20B-02BA-4AD9-82EE-EC383B7D4E9A}.Debug|Mixed Platforms.Build.0 = Debug|Any CPU
		{9AA1C20B-02BA-4AD9-82EE-EC383B7D4E9A}.Debug|x86.ActiveCfg = Debug|Any CPU
		{9AA1C20B-02BA-4AD9-82EE-EC383B7D4E9A}.Debug|x86.Build.0 = Debug|Any CPU
		{9AA1C20B-02BA-4AD9-82EE-EC383B7D4E9A}.Release|Any CPU.ActiveCfg = Release|Any CPU
		{9AA1C20B-02BA-4AD9-82EE-EC383B7D4E9A}.Release|Any CPU.Build.0 = Release|Any CPU
		{9AA1C20B-02BA-4AD9-82EE-EC383B7D4E9A}.Release|Mixed Platforms.ActiveCfg = Release|Any CPU
		{9AA1C20B-02BA-4AD9-82EE-EC383B7D4E9A}.Release|Mixed Platforms.Build.0 = Release|Any CPU
		{9AA1C20B-02BA-4AD9-82EE-EC383B7D4E9A}.Release|x86.ActiveCfg = Release|Any CPU
		{9AA1C20B-02BA-4AD9-82EE-EC383B7D4E9A}.Release|x86.Build.0 = Release|Any CPU
		{5B7E2142-58E1-499C-96C3-F787101AC86F}.Debug|Any CPU.ActiveCfg = Debug|Any CPU
		{5B7E2142-58E1-499C-96C3-F787101AC86F}.Debug|Any CPU.Build.0 = Debug|Any CPU
		{5B7E2142-58E1-499C-96C3-F787101AC86F}.Debug|Mixed Platforms.ActiveCfg = Debug|Any CPU
		{5B7E2142-58E1-499C-96C3-F787101AC86F}.Debug|Mixed Platforms.Build.0 = Debug|Any CPU
		{5B7E2142-58E1-499C-96C3-F787101AC86F}.Debug|x86.ActiveCfg = Debug|Any CPU
		{5B7E2142-58E1-499C-96C3-F787101AC86F}.Debug|x86.Build.0 = Debug|Any CPU
		{5B7E2142-58E1-499C-96C3-F787101AC86F}.Release|Any CPU.ActiveCfg = Release|Any CPU
		{5B7E2142-58E1-499C-96C3-F787101AC86F}.Release|Any CPU.Build.0 = Release|Any CPU
		{5B7E2142-58E1-499C-96C3-F787101AC86F}.Release|Mixed Platforms.ActiveCfg = Release|Any CPU
		{5B7E2142-58E1-499C-96C3-F787101AC86F}.Release|Mixed Platforms.Build.0 = Release|Any CPU
		{5B7E2142-58E1-499C-96C3-F787101AC86F}.Release|x86.ActiveCfg = Release|Any CPU
		{5B7E2142-58E1-499C-96C3-F787101AC86F}.Release|x86.Build.0 = Release|Any CPU
		{3748B30C-ABF5-4DEE-9F22-74E4F69FFF78}.Debug|Any CPU.ActiveCfg = Debug|Any CPU
		{3748B30C-ABF5-4DEE-9F22-74E4F69FFF78}.Debug|Any CPU.Build.0 = Debug|Any CPU
		{3748B30C-ABF5-4DEE-9F22-74E4F69FFF78}.Debug|Mixed Platforms.ActiveCfg = Debug|Any CPU
		{3748B30C-ABF5-4DEE-9F22-74E4F69FFF78}.Debug|Mixed Platforms.Build.0 = Debug|Any CPU
		{3748B30C-ABF5-4DEE-9F22-74E4F69FFF78}.Debug|x86.ActiveCfg = Debug|Any CPU
		{3748B30C-ABF5-4DEE-9F22-74E4F69FFF78}.Debug|x86.Build.0 = Debug|Any CPU
		{3748B30C-ABF5-4DEE-9F22-74E4F69FFF78}.Release|Any CPU.ActiveCfg = Release|Any CPU
		{3748B30C-ABF5-4DEE-9F22-74E4F69FFF78}.Release|Any CPU.Build.0 = Release|Any CPU
		{3748B30C-ABF5-4DEE-9F22-74E4F69FFF78}.Release|Mixed Platforms.ActiveCfg = Release|Any CPU
		{3748B30C-ABF5-4DEE-9F22-74E4F69FFF78}.Release|Mixed Platforms.Build.0 = Release|Any CPU
		{3748B30C-ABF5-4DEE-9F22-74E4F69FFF78}.Release|x86.ActiveCfg = Release|Any CPU
		{3748B30C-ABF5-4DEE-9F22-74E4F69FFF78}.Release|x86.Build.0 = Release|Any CPU
		{293D8E00-5C24-4E62-9BF7-4E0FB224D1BA}.Debug|Any CPU.ActiveCfg = Debug|Any CPU
		{293D8E00-5C24-4E62-9BF7-4E0FB224D1BA}.Debug|Any CPU.Build.0 = Debug|Any CPU
		{293D8E00-5C24-4E62-9BF7-4E0FB224D1BA}.Debug|Mixed Platforms.ActiveCfg = Debug|Any CPU
		{293D8E00-5C24-4E62-9BF7-4E0FB224D1BA}.Debug|Mixed Platforms.Build.0 = Debug|Any CPU
		{293D8E00-5C24-4E62-9BF7-4E0FB224D1BA}.Debug|x86.ActiveCfg = Debug|Any CPU
		{293D8E00-5C24-4E62-9BF7-4E0FB224D1BA}.Debug|x86.Build.0 = Debug|Any CPU
		{293D8E00-5C24-4E62-9BF7-4E0FB224D1BA}.Release|Any CPU.ActiveCfg = Release|Any CPU
		{293D8E00-5C24-4E62-9BF7-4E0FB224D1BA}.Release|Any CPU.Build.0 = Release|Any CPU
		{293D8E00-5C24-4E62-9BF7-4E0FB224D1BA}.Release|Mixed Platforms.ActiveCfg = Release|Any CPU
		{293D8E00-5C24-4E62-9BF7-4E0FB224D1BA}.Release|Mixed Platforms.Build.0 = Release|Any CPU
		{293D8E00-5C24-4E62-9BF7-4E0FB224D1BA}.Release|x86.ActiveCfg = Release|Any CPU
		{293D8E00-5C24-4E62-9BF7-4E0FB224D1BA}.Release|x86.Build.0 = Release|Any CPU
		{61F8D07D-9908-4A54-B462-A986AC902B54}.Debug|Any CPU.ActiveCfg = Debug|Any CPU
		{61F8D07D-9908-4A54-B462-A986AC902B54}.Debug|Any CPU.Build.0 = Debug|Any CPU
		{61F8D07D-9908-4A54-B462-A986AC902B54}.Debug|Mixed Platforms.ActiveCfg = Debug|Any CPU
		{61F8D07D-9908-4A54-B462-A986AC902B54}.Debug|Mixed Platforms.Build.0 = Debug|Any CPU
		{61F8D07D-9908-4A54-B462-A986AC902B54}.Debug|x86.ActiveCfg = Debug|Any CPU
		{61F8D07D-9908-4A54-B462-A986AC902B54}.Debug|x86.Build.0 = Debug|Any CPU
		{61F8D07D-9908-4A54-B462-A986AC902B54}.Release|Any CPU.ActiveCfg = Release|Any CPU
		{61F8D07D-9908-4A54-B462-A986AC902B54}.Release|Any CPU.Build.0 = Release|Any CPU
		{61F8D07D-9908-4A54-B462-A986AC902B54}.Release|Mixed Platforms.ActiveCfg = Release|Any CPU
		{61F8D07D-9908-4A54-B462-A986AC902B54}.Release|Mixed Platforms.Build.0 = Release|Any CPU
		{61F8D07D-9908-4A54-B462-A986AC902B54}.Release|x86.ActiveCfg = Release|Any CPU
		{61F8D07D-9908-4A54-B462-A986AC902B54}.Release|x86.Build.0 = Release|Any CPU
		{D06B5BE8-B3FF-46AC-8AF9-BC8D55BDFEFE}.Debug|Any CPU.ActiveCfg = Debug|Any CPU
		{D06B5BE8-B3FF-46AC-8AF9-BC8D55BDFEFE}.Debug|Any CPU.Build.0 = Debug|Any CPU
		{D06B5BE8-B3FF-46AC-8AF9-BC8D55BDFEFE}.Debug|Mixed Platforms.ActiveCfg = Debug|Any CPU
		{D06B5BE8-B3FF-46AC-8AF9-BC8D55BDFEFE}.Debug|Mixed Platforms.Build.0 = Debug|Any CPU
		{D06B5BE8-B3FF-46AC-8AF9-BC8D55BDFEFE}.Debug|x86.ActiveCfg = Debug|Any CPU
		{D06B5BE8-B3FF-46AC-8AF9-BC8D55BDFEFE}.Debug|x86.Build.0 = Debug|Any CPU
		{D06B5BE8-B3FF-46AC-8AF9-BC8D55BDFEFE}.Release|Any CPU.ActiveCfg = Release|Any CPU
		{D06B5BE8-B3FF-46AC-8AF9-BC8D55BDFEFE}.Release|Any CPU.Build.0 = Release|Any CPU
		{D06B5BE8-B3FF-46AC-8AF9-BC8D55BDFEFE}.Release|Mixed Platforms.ActiveCfg = Release|Any CPU
		{D06B5BE8-B3FF-46AC-8AF9-BC8D55BDFEFE}.Release|Mixed Platforms.Build.0 = Release|Any CPU
		{D06B5BE8-B3FF-46AC-8AF9-BC8D55BDFEFE}.Release|x86.ActiveCfg = Release|Any CPU
		{D06B5BE8-B3FF-46AC-8AF9-BC8D55BDFEFE}.Release|x86.Build.0 = Release|Any CPU
		{3F7D6CED-70FD-4F51-BD85-5072E9EA6CF4}.Debug|Any CPU.ActiveCfg = Debug|Any CPU
		{3F7D6CED-70FD-4F51-BD85-5072E9EA6CF4}.Debug|Any CPU.Build.0 = Debug|Any CPU
		{3F7D6CED-70FD-4F51-BD85-5072E9EA6CF4}.Debug|Mixed Platforms.ActiveCfg = Debug|Any CPU
		{3F7D6CED-70FD-4F51-BD85-5072E9EA6CF4}.Debug|Mixed Platforms.Build.0 = Debug|Any CPU
		{3F7D6CED-70FD-4F51-BD85-5072E9EA6CF4}.Debug|x86.ActiveCfg = Debug|Any CPU
		{3F7D6CED-70FD-4F51-BD85-5072E9EA6CF4}.Debug|x86.Build.0 = Debug|Any CPU
		{3F7D6CED-70FD-4F51-BD85-5072E9EA6CF4}.Release|Any CPU.ActiveCfg = Release|Any CPU
		{3F7D6CED-70FD-4F51-BD85-5072E9EA6CF4}.Release|Any CPU.Build.0 = Release|Any CPU
		{3F7D6CED-70FD-4F51-BD85-5072E9EA6CF4}.Release|Mixed Platforms.ActiveCfg = Release|Any CPU
		{3F7D6CED-70FD-4F51-BD85-5072E9EA6CF4}.Release|Mixed Platforms.Build.0 = Release|Any CPU
		{3F7D6CED-70FD-4F51-BD85-5072E9EA6CF4}.Release|x86.ActiveCfg = Release|Any CPU
		{3F7D6CED-70FD-4F51-BD85-5072E9EA6CF4}.Release|x86.Build.0 = Release|Any CPU
		{883085B5-6E2B-4733-98F9-00C3DD8E4CE1}.Debug|Any CPU.ActiveCfg = Debug|Any CPU
		{883085B5-6E2B-4733-98F9-00C3DD8E4CE1}.Debug|Any CPU.Build.0 = Debug|Any CPU
		{883085B5-6E2B-4733-98F9-00C3DD8E4CE1}.Debug|Mixed Platforms.ActiveCfg = Debug|Any CPU
		{883085B5-6E2B-4733-98F9-00C3DD8E4CE1}.Debug|Mixed Platforms.Build.0 = Debug|Any CPU
		{883085B5-6E2B-4733-98F9-00C3DD8E4CE1}.Debug|x86.ActiveCfg = Debug|Any CPU
		{883085B5-6E2B-4733-98F9-00C3DD8E4CE1}.Debug|x86.Build.0 = Debug|Any CPU
		{883085B5-6E2B-4733-98F9-00C3DD8E4CE1}.Release|Any CPU.ActiveCfg = Release|Any CPU
		{883085B5-6E2B-4733-98F9-00C3DD8E4CE1}.Release|Any CPU.Build.0 = Release|Any CPU
		{883085B5-6E2B-4733-98F9-00C3DD8E4CE1}.Release|Mixed Platforms.ActiveCfg = Release|Any CPU
		{883085B5-6E2B-4733-98F9-00C3DD8E4CE1}.Release|Mixed Platforms.Build.0 = Release|Any CPU
		{883085B5-6E2B-4733-98F9-00C3DD8E4CE1}.Release|x86.ActiveCfg = Release|Any CPU
		{883085B5-6E2B-4733-98F9-00C3DD8E4CE1}.Release|x86.Build.0 = Release|Any CPU
	EndGlobalSection
	GlobalSection(SolutionProperties) = preSolution
		HideSolutionNode = FALSE
	EndGlobalSection
	GlobalSection(NestedProjects) = preSolution
		{641A5897-DCA2-49DF-9497-6D7F3A255B80} = {0F692619-498C-4BA4-BBFD-89BBC6708918}
		{9AA1C20B-02BA-4AD9-82EE-EC383B7D4E9A} = {0F692619-498C-4BA4-BBFD-89BBC6708918}
		{5B7E2142-58E1-499C-96C3-F787101AC86F} = {0F692619-498C-4BA4-BBFD-89BBC6708918}
	EndGlobalSection
	GlobalSection(SubversionScc) = preSolution
		Svn-Managed = True
		Manager = AnkhSVN - Subversion Support for Visual Studio
	EndGlobalSection
EndGlobal
