
Microsoft Visual Studio Solution File, Format Version 12.00
# Visual Studio 15
VisualStudioVersion = 15.0.26430.6
MinimumVisualStudioVersion = 10.0.40219.1
Project("{2150E333-8FDC-42A3-9474-1A3956D46DE8}") = "2. App", "2. App", "{8D2AE883-B486-4D12-AB29-74EFC2E5CA3F}"
EndProject
Project("{FAE04EC0-301F-11D3-BF4B-00C04F79EFBC}") = "SIM", "SIM\SIM.csproj", "{641A5897-DCA2-49DF-9497-6D7F3A255B80}"
EndProject
Project("{FAE04EC0-301F-11D3-BF4B-00C04F79EFBC}") = "SIM.App", "SIM.App\SIM.App.csproj", "{9AA1C20B-02BA-4AD9-82EE-EC383B7D4E9A}"
EndProject
Project("{FAE04EC0-301F-11D3-BF4B-00C04F79EFBC}") = "SIM.App.UnitTests", "SIM.App.UnitTests\SIM.App.UnitTests.csproj", "{5B7E2142-58E1-499C-96C3-F787101AC86F}"
EndProject
Project("{2150E333-8FDC-42A3-9474-1A3956D46DE8}") = "1. Executables", "1. Executables", "{0F692619-498C-4BA4-BBFD-89BBC6708918}"
EndProject
Project("{2150E333-8FDC-42A3-9474-1A3956D46DE8}") = "3. Foundation", "3. Foundation", "{F257970E-264A-4B4F-9F15-C2FE05A5C4FD}"
EndProject
Global
	GlobalSection(SolutionConfigurationPlatforms) = preSolution
		Debug|Any CPU = Debug|Any CPU
		Debug|Mixed Platforms = Debug|Mixed Platforms
		Debug|x86 = Debug|x86
		Release|Any CPU = Release|Any CPU
		Release|Mixed Platforms = Release|Mixed Platforms
		Release|x86 = Release|x86
	EndGlobalSection
	GlobalSection(ProjectConfigurationPlatforms) = postSolution
		{641A5897-DCA2-49DF-9497-6D7F3A255B80}.Debug|Any CPU.ActiveCfg = Debug|Any CPU
		{641A5897-DCA2-49DF-9497-6D7F3A255B80}.Debug|Any CPU.Build.0 = Debug|Any CPU
		{641A5897-DCA2-49DF-9497-6D7F3A255B80}.Debug|Mixed Platforms.ActiveCfg = Debug|Any CPU
		{641A5897-DCA2-49DF-9497-6D7F3A255B80}.Debug|Mixed Platforms.Build.0 = Debug|Any CPU
		{641A5897-DCA2-49DF-9497-6D7F3A255B80}.Debug|x86.ActiveCfg = Debug|Any CPU
		{641A5897-DCA2-49DF-9497-6D7F3A255B80}.Debug|x86.Build.0 = Debug|Any CPU
		{641A5897-DCA2-49DF-9497-6D7F3A255B80}.Release|Any CPU.ActiveCfg = Release|Any CPU
		{641A5897-DCA2-49DF-9497-6D7F3A255B80}.Release|Any CPU.Build.0 = Release|Any CPU
		{641A5897-DCA2-49DF-9497-6D7F3A255B80}.Release|Mixed Platforms.ActiveCfg = Release|Any CPU
		{641A5897-DCA2-49DF-9497-6D7F3A255B80}.Release|Mixed Platforms.Build.0 = Release|Any CPU
		{641A5897-DCA2-49DF-9497-6D7F3A255B80}.Release|x86.ActiveCfg = Release|Any CPU
		{641A5897-DCA2-49DF-9497-6D7F3A255B80}.Release|x86.Build.0 = Release|Any CPU
		{9AA1C20B-02BA-4AD9-82EE-EC383B7D4E9A}.Debug|Any CPU.ActiveCfg = Debug|Any CPU
		{9AA1C20B-02BA-4AD9-82EE-EC383B7D4E9A}.Debug|Any CPU.Build.0 = Debug|Any CPU
		{9AA1C20B-02BA-4AD9-82EE-EC383B7D4E9A}.Debug|Mixed Platforms.ActiveCfg = Debug|Any CPU
		{9AA1C20B-02BA-4AD9-82EE-EC383B7D4E9A}.Debug|Mixed Platforms.Build.0 = Debug|Any CPU
		{9AA1C20B-02BA-4AD9-82EE-EC383B7D4E9A}.Debug|x86.ActiveCfg = Debug|Any CPU
		{9AA1C20B-02BA-4AD9-82EE-EC383B7D4E9A}.Debug|x86.Build.0 = Debug|Any CPU
		{9AA1C20B-02BA-4AD9-82EE-EC383B7D4E9A}.Release|Any CPU.ActiveCfg = Release|Any CPU
		{9AA1C20B-02BA-4AD9-82EE-EC383B7D4E9A}.Release|Any CPU.Build.0 = Release|Any CPU
		{9AA1C20B-02BA-4AD9-82EE-EC383B7D4E9A}.Release|Mixed Platforms.ActiveCfg = Release|Any CPU
		{9AA1C20B-02BA-4AD9-82EE-EC383B7D4E9A}.Release|Mixed Platforms.Build.0 = Release|Any CPU
		{9AA1C20B-02BA-4AD9-82EE-EC383B7D4E9A}.Release|x86.ActiveCfg = Release|Any CPU
		{9AA1C20B-02BA-4AD9-82EE-EC383B7D4E9A}.Release|x86.Build.0 = Release|Any CPU
		{5B7E2142-58E1-499C-96C3-F787101AC86F}.Debug|Any CPU.ActiveCfg = Debug|Any CPU
		{5B7E2142-58E1-499C-96C3-F787101AC86F}.Debug|Any CPU.Build.0 = Debug|Any CPU
		{5B7E2142-58E1-499C-96C3-F787101AC86F}.Debug|Mixed Platforms.ActiveCfg = Debug|Any CPU
		{5B7E2142-58E1-499C-96C3-F787101AC86F}.Debug|Mixed Platforms.Build.0 = Debug|Any CPU
		{5B7E2142-58E1-499C-96C3-F787101AC86F}.Debug|x86.ActiveCfg = Debug|Any CPU
		{5B7E2142-58E1-499C-96C3-F787101AC86F}.Debug|x86.Build.0 = Debug|Any CPU
		{5B7E2142-58E1-499C-96C3-F787101AC86F}.Release|Any CPU.ActiveCfg = Release|Any CPU
		{5B7E2142-58E1-499C-96C3-F787101AC86F}.Release|Any CPU.Build.0 = Release|Any CPU
		{5B7E2142-58E1-499C-96C3-F787101AC86F}.Release|Mixed Platforms.ActiveCfg = Release|Any CPU
		{5B7E2142-58E1-499C-96C3-F787101AC86F}.Release|Mixed Platforms.Build.0 = Release|Any CPU
		{5B7E2142-58E1-499C-96C3-F787101AC86F}.Release|x86.ActiveCfg = Release|Any CPU
		{5B7E2142-58E1-499C-96C3-F787101AC86F}.Release|x86.Build.0 = Release|Any CPU
	EndGlobalSection
	GlobalSection(SolutionProperties) = preSolution
		HideSolutionNode = FALSE
	EndGlobalSection
	GlobalSection(NestedProjects) = preSolution
		{641A5897-DCA2-49DF-9497-6D7F3A255B80} = {0F692619-498C-4BA4-BBFD-89BBC6708918}
		{9AA1C20B-02BA-4AD9-82EE-EC383B7D4E9A} = {8D2AE883-B486-4D12-AB29-74EFC2E5CA3F}
		{5B7E2142-58E1-499C-96C3-F787101AC86F} = {8D2AE883-B486-4D12-AB29-74EFC2E5CA3F}
	EndGlobalSection
	GlobalSection(SubversionScc) = preSolution
		Svn-Managed = True
		Manager = AnkhSVN - Subversion Support for Visual Studio
	EndGlobalSection
EndGlobal
